
Microsoft Visual Studio Solution File, Format Version 12.00
# Visual Studio 2012
Project("{FAE04EC0-301F-11D3-BF4B-00C04F79EFBC}") = "ReactiveUIExample", "ReactiveUIExample\ReactiveUIExample.csproj", "{D364A566-2C1F-4558-8357-2BE6D835C8EA}"
EndProject
Global
	GlobalSection(SolutionConfigurationPlatforms) = preSolution
		Debug|Any CPU = Debug|Any CPU
		Release|Any CPU = Release|Any CPU
	EndGlobalSection
	GlobalSection(ProjectConfigurationPlatforms) = postSolution
		{D364A566-2C1F-4558-8357-2BE6D835C8EA}.Debug|Any CPU.ActiveCfg = Debug|Any CPU
		{D364A566-2C1F-4558-8357-2BE6D835C8EA}.Debug|Any CPU.Build.0 = Debug|Any CPU
		{D364A566-2C1F-4558-8357-2BE6D835C8EA}.Release|Any CPU.ActiveCfg = Release|Any CPU
		{D364A566-2C1F-4558-8357-2BE6D835C8EA}.Release|Any CPU.Build.0 = Release|Any CPU
	EndGlobalSection
EndGlobal
