
Microsoft Visual Studio Solution File, Format Version 12.00
# Visual Studio 2012
Project("{FAE04EC0-301F-11D3-BF4B-00C04F79EFBC}") = "ProgressBarExample", "ProgressBarExample\ProgressBarExample.csproj", "{C110EE95-8FE2-4E0F-8E7E-B1D54D0E5A06}"
EndProject
Global
	GlobalSection(SolutionConfigurationPlatforms) = preSolution
		Debug|Any CPU = Debug|Any CPU
		Release|Any CPU = Release|Any CPU
	EndGlobalSection
	GlobalSection(ProjectConfigurationPlatforms) = postSolution
		{C110EE95-8FE2-4E0F-8E7E-B1D54D0E5A06}.Debug|Any CPU.ActiveCfg = Debug|Any CPU
		{C110EE95-8FE2-4E0F-8E7E-B1D54D0E5A06}.Debug|Any CPU.Build.0 = Debug|Any CPU
		{C110EE95-8FE2-4E0F-8E7E-B1D54D0E5A06}.Release|Any CPU.ActiveCfg = Release|Any CPU
		{C110EE95-8FE2-4E0F-8E7E-B1D54D0E5A06}.Release|Any CPU.Build.0 = Release|Any CPU
	EndGlobalSection
EndGlobal
