
Microsoft Visual Studio Solution File, Format Version 11.00
# Visual Studio 2010
Project("{FAE04EC0-301F-11D3-BF4B-00C04F79EFBC}") = "CustomizeAnimation", "CustomizeAnimation.csproj", "{DD1B3880-06AB-491A-B109-A6003A231586}"
EndProject
Global
	GlobalSection(SolutionConfigurationPlatforms) = preSolution
		Debug|Any CPU = Debug|Any CPU
		Release|Any CPU = Release|Any CPU
	EndGlobalSection
	GlobalSection(ProjectConfigurationPlatforms) = postSolution
		{DD1B3880-06AB-491A-B109-A6003A231586}.Debug|Any CPU.ActiveCfg = Debug|Any CPU
		{DD1B3880-06AB-491A-B109-A6003A231586}.Debug|Any CPU.Build.0 = Debug|Any CPU
		{DD1B3880-06AB-491A-B109-A6003A231586}.Release|Any CPU.ActiveCfg = Release|Any CPU
		{DD1B3880-06AB-491A-B109-A6003A231586}.Release|Any CPU.Build.0 = Release|Any CPU
	EndGlobalSection
	GlobalSection(MonoDevelopProperties) = preSolution
		StartupItem = CustomizeAnimation.csproj
	EndGlobalSection
EndGlobal
