
Microsoft Visual Studio Solution File, Format Version 12.00
# Visual Studio 2012
Project("{FAE04EC0-301F-11D3-BF4B-00C04F79EFBC}") = "CustomFont", "CustomFont\CustomFont.csproj", "{02E50577-20E5-4606-A261-16B66E1C4AB9}"
EndProject
Global
	GlobalSection(SolutionConfigurationPlatforms) = preSolution
		Debug|Any CPU = Debug|Any CPU
		Release|Any CPU = Release|Any CPU
	EndGlobalSection
	GlobalSection(ProjectConfigurationPlatforms) = postSolution
		{02E50577-20E5-4606-A261-16B66E1C4AB9}.Debug|Any CPU.ActiveCfg = Debug|Any CPU
		{02E50577-20E5-4606-A261-16B66E1C4AB9}.Debug|Any CPU.Build.0 = Debug|Any CPU
		{02E50577-20E5-4606-A261-16B66E1C4AB9}.Release|Any CPU.ActiveCfg = Release|Any CPU
		{02E50577-20E5-4606-A261-16B66E1C4AB9}.Release|Any CPU.Build.0 = Release|Any CPU
	EndGlobalSection
EndGlobal
