
Microsoft Visual Studio Solution File, Format Version 11.00
# Visual Studio 2010
Project("{FAE04EC0-301F-11D3-BF4B-00C04F79EFBC}") = "NeHeLesson5", "NeHeLesson5.csproj", "{59D4586E-D2A5-4127-8F5E-755FC547E83B}"
EndProject
Global
	GlobalSection(SolutionConfigurationPlatforms) = preSolution
		Debug|Any CPU = Debug|Any CPU
		Release|Any CPU = Release|Any CPU
	EndGlobalSection
	GlobalSection(ProjectConfigurationPlatforms) = postSolution
		{59D4586E-D2A5-4127-8F5E-755FC547E83B}.Debug|Any CPU.ActiveCfg = Debug|Any CPU
		{59D4586E-D2A5-4127-8F5E-755FC547E83B}.Debug|Any CPU.Build.0 = Debug|Any CPU
		{59D4586E-D2A5-4127-8F5E-755FC547E83B}.Release|Any CPU.ActiveCfg = Release|Any CPU
		{59D4586E-D2A5-4127-8F5E-755FC547E83B}.Release|Any CPU.Build.0 = Release|Any CPU
	EndGlobalSection
	GlobalSection(MonoDevelopProperties) = preSolution
		StartupItem = NeHeLesson5.csproj
	EndGlobalSection
EndGlobal
