
Microsoft Visual Studio Solution File, Format Version 11.00
# Visual Studio 2010
Project("{FAE04EC0-301F-11D3-BF4B-00C04F79EFBC}") = "NeHeLesson8", "NeHeLesson8.csproj", "{855A1207-ABFD-434F-AD3D-63E7579733F3}"
EndProject
Global
	GlobalSection(SolutionConfigurationPlatforms) = preSolution
		Debug|Any CPU = Debug|Any CPU
		Release|Any CPU = Release|Any CPU
	EndGlobalSection
	GlobalSection(ProjectConfigurationPlatforms) = postSolution
		{855A1207-ABFD-434F-AD3D-63E7579733F3}.Debug|Any CPU.ActiveCfg = Debug|Any CPU
		{855A1207-ABFD-434F-AD3D-63E7579733F3}.Debug|Any CPU.Build.0 = Debug|Any CPU
		{855A1207-ABFD-434F-AD3D-63E7579733F3}.Release|Any CPU.ActiveCfg = Release|Any CPU
		{855A1207-ABFD-434F-AD3D-63E7579733F3}.Release|Any CPU.Build.0 = Release|Any CPU
	EndGlobalSection
	GlobalSection(MonoDevelopProperties) = preSolution
		StartupItem = NeHeLesson8.csproj
	EndGlobalSection
EndGlobal
