
Microsoft Visual Studio Solution File, Format Version 12.00
# Visual Studio 2012
Project("{FAE04EC0-301F-11D3-BF4B-00C04F79EFBC}") = "MacDatabinding", "MacDatabinding\MacDatabinding.csproj", "{0317DA38-93D7-4107-9C6C-EACFA2934681}"
EndProject
Global
	GlobalSection(SolutionConfigurationPlatforms) = preSolution
		Debug|Any CPU = Debug|Any CPU
		Release|Any CPU = Release|Any CPU
	EndGlobalSection
	GlobalSection(ProjectConfigurationPlatforms) = postSolution
		{0317DA38-93D7-4107-9C6C-EACFA2934681}.Debug|Any CPU.ActiveCfg = Debug|Any CPU
		{0317DA38-93D7-4107-9C6C-EACFA2934681}.Debug|Any CPU.Build.0 = Debug|Any CPU
		{0317DA38-93D7-4107-9C6C-EACFA2934681}.Release|Any CPU.ActiveCfg = Release|Any CPU
		{0317DA38-93D7-4107-9C6C-EACFA2934681}.Release|Any CPU.Build.0 = Release|Any CPU
	EndGlobalSection
EndGlobal
