
Microsoft Visual Studio Solution File, Format Version 12.00
# Visual Studio 2012
Project("{FAE04EC0-301F-11D3-BF4B-00C04F79EFBC}") = "TouchBarExample", "TouchBarExample\TouchBarExample.csproj", "{B085737B-E8E8-49E7-9A1F-49834E31CA13}"
EndProject
Global
	GlobalSection(SolutionConfigurationPlatforms) = preSolution
		Debug|x86 = Debug|x86
		Release|x86 = Release|x86
	EndGlobalSection
	GlobalSection(ProjectConfigurationPlatforms) = postSolution
		{B085737B-E8E8-49E7-9A1F-49834E31CA13}.Debug|x86.ActiveCfg = Debug|x86
		{B085737B-E8E8-49E7-9A1F-49834E31CA13}.Debug|x86.Build.0 = Debug|x86
		{B085737B-E8E8-49E7-9A1F-49834E31CA13}.Release|x86.ActiveCfg = Release|x86
		{B085737B-E8E8-49E7-9A1F-49834E31CA13}.Release|x86.Build.0 = Release|x86
	EndGlobalSection
EndGlobal
