
Microsoft Visual Studio Solution File, Format Version 11.00
# Visual Studio 2008
Project("{FAE04EC0-301F-11D3-BF4B-00C04F79EFBC}") = "SkinnableApp", "SkinnableApp.csproj", "{2DC5E381-A8FB-4D26-AE10-5918D7E088A2}"
EndProject
Global
	GlobalSection(SolutionConfigurationPlatforms) = preSolution
		Debug|Any CPU = Debug|Any CPU
		Release|Any CPU = Release|Any CPU
	EndGlobalSection
	GlobalSection(ProjectConfigurationPlatforms) = postSolution
		{2DC5E381-A8FB-4D26-AE10-5918D7E088A2}.Debug|Any CPU.ActiveCfg = Debug|Any CPU
		{2DC5E381-A8FB-4D26-AE10-5918D7E088A2}.Debug|Any CPU.Build.0 = Debug|Any CPU
		{2DC5E381-A8FB-4D26-AE10-5918D7E088A2}.Release|Any CPU.ActiveCfg = Release|Any CPU
		{2DC5E381-A8FB-4D26-AE10-5918D7E088A2}.Release|Any CPU.Build.0 = Release|Any CPU
	EndGlobalSection
	GlobalSection(MonoDevelopProperties) = preSolution
		StartupItem = SkinnableApp.csproj
	EndGlobalSection
EndGlobal
