
Microsoft Visual Studio Solution File, Format Version 11.00
# Visual Studio 2010
Project("{FAE04EC0-301F-11D3-BF4B-00C04F79EFBC}") = "KeyFrameMoveAView", "KeyFrameMoveAView.csproj", "{7E243CD4-FBFC-4A68-89F4-BB4716CE6B98}"
EndProject
Global
	GlobalSection(SolutionConfigurationPlatforms) = preSolution
		Debug|Any CPU = Debug|Any CPU
		Release|Any CPU = Release|Any CPU
	EndGlobalSection
	GlobalSection(ProjectConfigurationPlatforms) = postSolution
		{7E243CD4-FBFC-4A68-89F4-BB4716CE6B98}.Debug|Any CPU.ActiveCfg = Debug|Any CPU
		{7E243CD4-FBFC-4A68-89F4-BB4716CE6B98}.Debug|Any CPU.Build.0 = Debug|Any CPU
		{7E243CD4-FBFC-4A68-89F4-BB4716CE6B98}.Release|Any CPU.ActiveCfg = Release|Any CPU
		{7E243CD4-FBFC-4A68-89F4-BB4716CE6B98}.Release|Any CPU.Build.0 = Release|Any CPU
	EndGlobalSection
	GlobalSection(MonoDevelopProperties) = preSolution
		StartupItem = KeyFrameMoveAView.csproj
	EndGlobalSection
EndGlobal
