
Microsoft Visual Studio Solution File, Format Version 11.00
# Visual Studio 2010
Project("{FAE04EC0-301F-11D3-BF4B-00C04F79EFBC}") = "NeHeLesson7", "NeHeLesson7.csproj", "{8BA2C1AD-741B-4D31-A8CB-7826C13D2B29}"
EndProject
Global
	GlobalSection(SolutionConfigurationPlatforms) = preSolution
		Debug|Any CPU = Debug|Any CPU
		Release|Any CPU = Release|Any CPU
	EndGlobalSection
	GlobalSection(ProjectConfigurationPlatforms) = postSolution
		{8BA2C1AD-741B-4D31-A8CB-7826C13D2B29}.Debug|Any CPU.ActiveCfg = Debug|Any CPU
		{8BA2C1AD-741B-4D31-A8CB-7826C13D2B29}.Debug|Any CPU.Build.0 = Debug|Any CPU
		{8BA2C1AD-741B-4D31-A8CB-7826C13D2B29}.Release|Any CPU.ActiveCfg = Release|Any CPU
		{8BA2C1AD-741B-4D31-A8CB-7826C13D2B29}.Release|Any CPU.Build.0 = Release|Any CPU
	EndGlobalSection
	GlobalSection(MonoDevelopProperties) = preSolution
		StartupItem = NeHeLesson7.csproj
	EndGlobalSection
EndGlobal
