
Microsoft Visual Studio Solution File, Format Version 11.00
# Visual Studio 2008
Project("{FAE04EC0-301F-11D3-BF4B-00C04F79EFBC}") = "VillainTracker", "VillainTracker.csproj", "{8A86D543-715B-42F5-868C-DF861268E8BC}"
EndProject
Global
	GlobalSection(SolutionConfigurationPlatforms) = preSolution
		Debug|Any CPU = Debug|Any CPU
		Release|Any CPU = Release|Any CPU
	EndGlobalSection
	GlobalSection(ProjectConfigurationPlatforms) = postSolution
		{8A86D543-715B-42F5-868C-DF861268E8BC}.Debug|Any CPU.ActiveCfg = Debug|Any CPU
		{8A86D543-715B-42F5-868C-DF861268E8BC}.Debug|Any CPU.Build.0 = Debug|Any CPU
		{8A86D543-715B-42F5-868C-DF861268E8BC}.Release|Any CPU.ActiveCfg = Release|Any CPU
		{8A86D543-715B-42F5-868C-DF861268E8BC}.Release|Any CPU.Build.0 = Release|Any CPU
	EndGlobalSection
	GlobalSection(MonoDevelopProperties) = preSolution
		StartupItem = VillainTracker\VillainTracker.csproj
	EndGlobalSection
EndGlobal
