
Microsoft Visual Studio Solution File, Format Version 12.00
# Visual Studio 2012
Project("{FAE04EC0-301F-11D3-BF4B-00C04F79EFBC}") = "MouseTrackingExample", "MouseTrackingExample\MouseTrackingExample.csproj", "{230324A4-5C86-4002-A8FC-D18ED5E4EA5B}"
EndProject
Global
	GlobalSection(SolutionConfigurationPlatforms) = preSolution
		Debug|Any CPU = Debug|Any CPU
		Release|Any CPU = Release|Any CPU
	EndGlobalSection
	GlobalSection(ProjectConfigurationPlatforms) = postSolution
		{230324A4-5C86-4002-A8FC-D18ED5E4EA5B}.Debug|Any CPU.ActiveCfg = Debug|Any CPU
		{230324A4-5C86-4002-A8FC-D18ED5E4EA5B}.Debug|Any CPU.Build.0 = Debug|Any CPU
		{230324A4-5C86-4002-A8FC-D18ED5E4EA5B}.Release|Any CPU.ActiveCfg = Release|Any CPU
		{230324A4-5C86-4002-A8FC-D18ED5E4EA5B}.Release|Any CPU.Build.0 = Release|Any CPU
	EndGlobalSection
EndGlobal
