
Microsoft Visual Studio Solution File, Format Version 12.00
# Visual Studio 2012
Project("{FAE04EC0-301F-11D3-BF4B-00C04F79EFBC}") = "MacToolbar", "MacToolbar\MacToolbar.csproj", "{1065CFB7-C1CD-4A4F-B696-C4B4936F7B22}"
EndProject
Global
	GlobalSection(SolutionConfigurationPlatforms) = preSolution
		Debug|Any CPU = Debug|Any CPU
		Release|Any CPU = Release|Any CPU
	EndGlobalSection
	GlobalSection(ProjectConfigurationPlatforms) = postSolution
		{1065CFB7-C1CD-4A4F-B696-C4B4936F7B22}.Debug|Any CPU.ActiveCfg = Debug|Any CPU
		{1065CFB7-C1CD-4A4F-B696-C4B4936F7B22}.Debug|Any CPU.Build.0 = Debug|Any CPU
		{1065CFB7-C1CD-4A4F-B696-C4B4936F7B22}.Release|Any CPU.ActiveCfg = Release|Any CPU
		{1065CFB7-C1CD-4A4F-B696-C4B4936F7B22}.Release|Any CPU.Build.0 = Release|Any CPU
	EndGlobalSection
EndGlobal
