
Microsoft Visual Studio Solution File, Format Version 12.00
# Visual Studio 2012
Project("{FAE04EC0-301F-11D3-BF4B-00C04F79EFBC}") = "MacToolbar", "MacToolbar\MacToolbar.csproj", "{D84C88A2-1054-41BE-9CCF-F67CB6B2AD5E}"
EndProject
Global
	GlobalSection(SolutionConfigurationPlatforms) = preSolution
		Debug|Any CPU = Debug|Any CPU
		Release|Any CPU = Release|Any CPU
	EndGlobalSection
	GlobalSection(ProjectConfigurationPlatforms) = postSolution
		{D84C88A2-1054-41BE-9CCF-F67CB6B2AD5E}.Debug|Any CPU.ActiveCfg = Debug|Any CPU
		{D84C88A2-1054-41BE-9CCF-F67CB6B2AD5E}.Debug|Any CPU.Build.0 = Debug|Any CPU
		{D84C88A2-1054-41BE-9CCF-F67CB6B2AD5E}.Release|Any CPU.ActiveCfg = Release|Any CPU
		{D84C88A2-1054-41BE-9CCF-F67CB6B2AD5E}.Release|Any CPU.Build.0 = Release|Any CPU
	EndGlobalSection
EndGlobal
