
Microsoft Visual Studio Solution File, Format Version 12.00
# Visual Studio 2012
Project("{FAE04EC0-301F-11D3-BF4B-00C04F79EFBC}") = "MacWindows", "MacWindows\MacWindows.csproj", "{323039B1-CF83-40A7-9751-009D0A29B078}"
EndProject
Global
	GlobalSection(SolutionConfigurationPlatforms) = preSolution
		Debug|Any CPU = Debug|Any CPU
		Release|Any CPU = Release|Any CPU
	EndGlobalSection
	GlobalSection(ProjectConfigurationPlatforms) = postSolution
		{323039B1-CF83-40A7-9751-009D0A29B078}.Debug|Any CPU.ActiveCfg = Debug|Any CPU
		{323039B1-CF83-40A7-9751-009D0A29B078}.Debug|Any CPU.Build.0 = Debug|Any CPU
		{323039B1-CF83-40A7-9751-009D0A29B078}.Release|Any CPU.ActiveCfg = Release|Any CPU
		{323039B1-CF83-40A7-9751-009D0A29B078}.Release|Any CPU.Build.0 = Release|Any CPU
	EndGlobalSection
EndGlobal
