
Microsoft Visual Studio Solution File, Format Version 11.00
# Visual Studio 2008
Project("{FAE04EC0-301F-11D3-BF4B-00C04F79EFBC}") = "RoundedTransparentWindow", "RoundedTransparentWindow.csproj", "{F2C89B37-010D-403C-B64A-BEDD5CA8822B}"
EndProject
Global
	GlobalSection(SolutionConfigurationPlatforms) = preSolution
		Debug|Any CPU = Debug|Any CPU
		Release|Any CPU = Release|Any CPU
	EndGlobalSection
	GlobalSection(ProjectConfigurationPlatforms) = postSolution
		{F2C89B37-010D-403C-B64A-BEDD5CA8822B}.Debug|Any CPU.ActiveCfg = Debug|Any CPU
		{F2C89B37-010D-403C-B64A-BEDD5CA8822B}.Debug|Any CPU.Build.0 = Debug|Any CPU
		{F2C89B37-010D-403C-B64A-BEDD5CA8822B}.Release|Any CPU.ActiveCfg = Release|Any CPU
		{F2C89B37-010D-403C-B64A-BEDD5CA8822B}.Release|Any CPU.Build.0 = Release|Any CPU
	EndGlobalSection
	GlobalSection(MonoDevelopProperties) = preSolution
		StartupItem = RoundedTransparentWindow.csproj
	EndGlobalSection
EndGlobal
