
Microsoft Visual Studio Solution File, Format Version 12.00
# Visual Studio 2012
Project("{FAE04EC0-301F-11D3-BF4B-00C04F79EFBC}") = "NSScrollExample", "NSScrollExample.csproj", "{2C55FDEF-03D3-49DB-A907-42BE50F9ADCE}"
EndProject
Global
	GlobalSection(SolutionConfigurationPlatforms) = preSolution
		Debug|x86 = Debug|x86
		Release|x86 = Release|x86
	EndGlobalSection
	GlobalSection(ProjectConfigurationPlatforms) = postSolution
		{2C55FDEF-03D3-49DB-A907-42BE50F9ADCE}.Debug|x86.ActiveCfg = Debug|x86
		{2C55FDEF-03D3-49DB-A907-42BE50F9ADCE}.Debug|x86.Build.0 = Debug|x86
		{2C55FDEF-03D3-49DB-A907-42BE50F9ADCE}.Release|x86.ActiveCfg = Release|x86
		{2C55FDEF-03D3-49DB-A907-42BE50F9ADCE}.Release|x86.Build.0 = Release|x86
	EndGlobalSection
EndGlobal
