
Microsoft Visual Studio Solution File, Format Version 11.00
# Visual Studio 2008
Project("{FAE04EC0-301F-11D3-BF4B-00C04F79EFBC}") = "QTRecorder", "QTRecorder.csproj", "{87EF4C6C-8DCF-4445-878B-17E3F82F7ABF}"
EndProject
Global
	GlobalSection(SolutionConfigurationPlatforms) = preSolution
		Debug|Any CPU = Debug|Any CPU
		Release|Any CPU = Release|Any CPU
	EndGlobalSection
	GlobalSection(ProjectConfigurationPlatforms) = postSolution
		{87EF4C6C-8DCF-4445-878B-17E3F82F7ABF}.Debug|Any CPU.ActiveCfg = Debug|Any CPU
		{87EF4C6C-8DCF-4445-878B-17E3F82F7ABF}.Debug|Any CPU.Build.0 = Debug|Any CPU
		{87EF4C6C-8DCF-4445-878B-17E3F82F7ABF}.Release|Any CPU.ActiveCfg = Release|Any CPU
		{87EF4C6C-8DCF-4445-878B-17E3F82F7ABF}.Release|Any CPU.Build.0 = Release|Any CPU
	EndGlobalSection
	GlobalSection(MonoDevelopProperties) = preSolution
		StartupItem = QTRecorder.csproj
	EndGlobalSection
EndGlobal
