
Microsoft Visual Studio Solution File, Format Version 12.00
# Visual Studio 2012
Project("{FAE04EC0-301F-11D3-BF4B-00C04F79EFBC}") = "MacCopyPaste", "MacCopyPaste\MacCopyPaste.csproj", "{BC4F5D2C-0103-4F7F-AEB4-2DDAC90B4CFE}"
EndProject
Global
	GlobalSection(SolutionConfigurationPlatforms) = preSolution
		Debug|Any CPU = Debug|Any CPU
		Release|Any CPU = Release|Any CPU
	EndGlobalSection
	GlobalSection(ProjectConfigurationPlatforms) = postSolution
		{BC4F5D2C-0103-4F7F-AEB4-2DDAC90B4CFE}.Debug|Any CPU.ActiveCfg = Debug|Any CPU
		{BC4F5D2C-0103-4F7F-AEB4-2DDAC90B4CFE}.Debug|Any CPU.Build.0 = Debug|Any CPU
		{BC4F5D2C-0103-4F7F-AEB4-2DDAC90B4CFE}.Release|Any CPU.ActiveCfg = Release|Any CPU
		{BC4F5D2C-0103-4F7F-AEB4-2DDAC90B4CFE}.Release|Any CPU.Build.0 = Release|Any CPU
	EndGlobalSection
EndGlobal
