
Microsoft Visual Studio Solution File, Format Version 12.00
# Visual Studio 2012
Project("{FAE04EC0-301F-11D3-BF4B-00C04F79EFBC}") = "MessageSender", "MessageSender\MessageSender.csproj", "{666A6318-0ED8-4B30-A6D1-62B995122227}"
EndProject
Global
	GlobalSection(SolutionConfigurationPlatforms) = preSolution
		Debug|Any CPU = Debug|Any CPU
		Release|Any CPU = Release|Any CPU
	EndGlobalSection
	GlobalSection(ProjectConfigurationPlatforms) = postSolution
		{666A6318-0ED8-4B30-A6D1-62B995122227}.Debug|Any CPU.ActiveCfg = Debug|Any CPU
		{666A6318-0ED8-4B30-A6D1-62B995122227}.Debug|Any CPU.Build.0 = Debug|Any CPU
		{666A6318-0ED8-4B30-A6D1-62B995122227}.Release|Any CPU.ActiveCfg = Release|Any CPU
		{666A6318-0ED8-4B30-A6D1-62B995122227}.Release|Any CPU.Build.0 = Release|Any CPU
	EndGlobalSection
EndGlobal
