
Microsoft Visual Studio Solution File, Format Version 12.00
# Visual Studio 2012
Project("{FAE04EC0-301F-11D3-BF4B-00C04F79EFBC}") = "AzureTodo.Mac", "AzureTodoMac\AzureTodo.Mac.csproj", "{2AEC1073-A5D6-423B-AA7D-6ECE0CA6A472}"
EndProject
Global
	GlobalSection(SolutionConfigurationPlatforms) = preSolution
		Debug|Any CPU = Debug|Any CPU
		Release|Any CPU = Release|Any CPU
	EndGlobalSection
	GlobalSection(ProjectConfigurationPlatforms) = postSolution
		{2AEC1073-A5D6-423B-AA7D-6ECE0CA6A472}.Debug|Any CPU.ActiveCfg = Debug|Any CPU
		{2AEC1073-A5D6-423B-AA7D-6ECE0CA6A472}.Debug|Any CPU.Build.0 = Debug|Any CPU
		{2AEC1073-A5D6-423B-AA7D-6ECE0CA6A472}.Release|Any CPU.ActiveCfg = Release|Any CPU
		{2AEC1073-A5D6-423B-AA7D-6ECE0CA6A472}.Release|Any CPU.Build.0 = Release|Any CPU
	EndGlobalSection
EndGlobal
