
Microsoft Visual Studio Solution File, Format Version 11.00
# Visual Studio 2010
Project("{FAE04EC0-301F-11D3-BF4B-00C04F79EFBC}") = "CoreWLANWirelessManager", "CoreWLANWirelessManager.csproj", "{2F8D54CE-20C8-4B06-9E07-1F87E854369E}"
EndProject
Global
	GlobalSection(SolutionConfigurationPlatforms) = preSolution
		Debug|Any CPU = Debug|Any CPU
		Release|Any CPU = Release|Any CPU
	EndGlobalSection
	GlobalSection(ProjectConfigurationPlatforms) = postSolution
		{2F8D54CE-20C8-4B06-9E07-1F87E854369E}.Debug|Any CPU.ActiveCfg = Debug|Any CPU
		{2F8D54CE-20C8-4B06-9E07-1F87E854369E}.Debug|Any CPU.Build.0 = Debug|Any CPU
		{2F8D54CE-20C8-4B06-9E07-1F87E854369E}.Release|Any CPU.ActiveCfg = Release|Any CPU
		{2F8D54CE-20C8-4B06-9E07-1F87E854369E}.Release|Any CPU.Build.0 = Release|Any CPU
	EndGlobalSection
	GlobalSection(MonoDevelopProperties) = preSolution
		StartupItem = CoreWLANWirelessManager.csproj
	EndGlobalSection
EndGlobal
