
Microsoft Visual Studio Solution File, Format Version 11.00
# Visual Studio 2010
Project("{FAE04EC0-301F-11D3-BF4B-00C04F79EFBC}") = "NeHeLesson17", "NeHeLesson17.csproj", "{CDFF2EB2-F2EC-4B8B-8682-9EE84A125D9B}"
EndProject
Global
	GlobalSection(SolutionConfigurationPlatforms) = preSolution
		Debug|Any CPU = Debug|Any CPU
		Release|Any CPU = Release|Any CPU
	EndGlobalSection
	GlobalSection(ProjectConfigurationPlatforms) = postSolution
		{CDFF2EB2-F2EC-4B8B-8682-9EE84A125D9B}.Debug|Any CPU.ActiveCfg = Debug|Any CPU
		{CDFF2EB2-F2EC-4B8B-8682-9EE84A125D9B}.Debug|Any CPU.Build.0 = Debug|Any CPU
		{CDFF2EB2-F2EC-4B8B-8682-9EE84A125D9B}.Release|Any CPU.ActiveCfg = Release|Any CPU
		{CDFF2EB2-F2EC-4B8B-8682-9EE84A125D9B}.Release|Any CPU.Build.0 = Release|Any CPU
	EndGlobalSection
	GlobalSection(MonoDevelopProperties) = preSolution
		StartupItem = NeHeLesson17.csproj
	EndGlobalSection
EndGlobal
