
Microsoft Visual Studio Solution File, Format Version 11.00
# Visual Studio 2010
Project("{FAE04EC0-301F-11D3-BF4B-00C04F79EFBC}") = "GLFullScreen", "GLFullScreen.csproj", "{936519B8-A6DF-46C8-86A0-61F0BFC70B2E}"
EndProject
Global
	GlobalSection(SolutionConfigurationPlatforms) = preSolution
		Debug|Any CPU = Debug|Any CPU
		Release|Any CPU = Release|Any CPU
	EndGlobalSection
	GlobalSection(ProjectConfigurationPlatforms) = postSolution
		{936519B8-A6DF-46C8-86A0-61F0BFC70B2E}.Debug|Any CPU.ActiveCfg = Debug|Any CPU
		{936519B8-A6DF-46C8-86A0-61F0BFC70B2E}.Debug|Any CPU.Build.0 = Debug|Any CPU
		{936519B8-A6DF-46C8-86A0-61F0BFC70B2E}.Release|Any CPU.ActiveCfg = Release|Any CPU
		{936519B8-A6DF-46C8-86A0-61F0BFC70B2E}.Release|Any CPU.Build.0 = Release|Any CPU
	EndGlobalSection
	GlobalSection(MonoDevelopProperties) = preSolution
		StartupItem = GLFullScreen.csproj
	EndGlobalSection
EndGlobal
