
Microsoft Visual Studio Solution File, Format Version 11.00
# Visual Studio 2010
Project("{FAE04EC0-301F-11D3-BF4B-00C04F79EFBC}") = "ScriptingBridgeFinder", "ScriptingBridgeFinder.csproj", "{8A58025F-03B6-409C-980E-55178E0402D0}"
EndProject
Global
	GlobalSection(SolutionConfigurationPlatforms) = preSolution
		Debug|Any CPU = Debug|Any CPU
		Release|Any CPU = Release|Any CPU
	EndGlobalSection
	GlobalSection(ProjectConfigurationPlatforms) = postSolution
		{8A58025F-03B6-409C-980E-55178E0402D0}.Debug|Any CPU.ActiveCfg = Debug|Any CPU
		{8A58025F-03B6-409C-980E-55178E0402D0}.Debug|Any CPU.Build.0 = Debug|Any CPU
		{8A58025F-03B6-409C-980E-55178E0402D0}.Release|Any CPU.ActiveCfg = Release|Any CPU
		{8A58025F-03B6-409C-980E-55178E0402D0}.Release|Any CPU.Build.0 = Release|Any CPU
	EndGlobalSection
	GlobalSection(MonoDevelopProperties) = preSolution
		StartupItem = ScriptingBridgeFinder.csproj
	EndGlobalSection
EndGlobal
