
Microsoft Visual Studio Solution File, Format Version 11.00
# Visual Studio 2010
Project("{FAE04EC0-301F-11D3-BF4B-00C04F79EFBC}") = "GroupAnimation", "GroupAnimation.csproj", "{1E3C4E37-417F-4D74-931D-DE8D6F6DA967}"
EndProject
Global
	GlobalSection(SolutionConfigurationPlatforms) = preSolution
		Debug|Any CPU = Debug|Any CPU
		Release|Any CPU = Release|Any CPU
	EndGlobalSection
	GlobalSection(ProjectConfigurationPlatforms) = postSolution
		{1E3C4E37-417F-4D74-931D-DE8D6F6DA967}.Debug|Any CPU.ActiveCfg = Debug|Any CPU
		{1E3C4E37-417F-4D74-931D-DE8D6F6DA967}.Debug|Any CPU.Build.0 = Debug|Any CPU
		{1E3C4E37-417F-4D74-931D-DE8D6F6DA967}.Release|Any CPU.ActiveCfg = Release|Any CPU
		{1E3C4E37-417F-4D74-931D-DE8D6F6DA967}.Release|Any CPU.Build.0 = Release|Any CPU
	EndGlobalSection
	GlobalSection(MonoDevelopProperties) = preSolution
		StartupItem = GroupAnimation.csproj
	EndGlobalSection
EndGlobal
