
Microsoft Visual Studio Solution File, Format Version 11.00
# Visual Studio 2008
Project("{FAE04EC0-301F-11D3-BF4B-00C04F79EFBC}") = "TimedAnimation", "TimedAnimation.csproj", "{4AB196E9-BAFA-414C-A8C8-1F2D99C3B5BA}"
EndProject
Global
	GlobalSection(SolutionConfigurationPlatforms) = preSolution
		Debug|Any CPU = Debug|Any CPU
		Release|Any CPU = Release|Any CPU
	EndGlobalSection
	GlobalSection(ProjectConfigurationPlatforms) = postSolution
		{4AB196E9-BAFA-414C-A8C8-1F2D99C3B5BA}.Debug|Any CPU.ActiveCfg = Debug|Any CPU
		{4AB196E9-BAFA-414C-A8C8-1F2D99C3B5BA}.Debug|Any CPU.Build.0 = Debug|Any CPU
		{4AB196E9-BAFA-414C-A8C8-1F2D99C3B5BA}.Release|Any CPU.ActiveCfg = Release|Any CPU
		{4AB196E9-BAFA-414C-A8C8-1F2D99C3B5BA}.Release|Any CPU.Build.0 = Release|Any CPU
	EndGlobalSection
	GlobalSection(MonoDevelopProperties) = preSolution
		StartupItem = TimedAnimation.csproj
	EndGlobalSection
EndGlobal
