
Microsoft Visual Studio Solution File, Format Version 12.00
# Visual Studio 2012
Project("{FAE04EC0-301F-11D3-BF4B-00C04F79EFBC}") = "MacOpenTK", "MacOpenTK\MacOpenTK.csproj", "{F3CC4527-43AF-41CB-94C1-BFF310D5726A}"
EndProject
Global
	GlobalSection(SolutionConfigurationPlatforms) = preSolution
		Debug|Any CPU = Debug|Any CPU
		Release|Any CPU = Release|Any CPU
	EndGlobalSection
	GlobalSection(ProjectConfigurationPlatforms) = postSolution
		{F3CC4527-43AF-41CB-94C1-BFF310D5726A}.Debug|Any CPU.ActiveCfg = Debug|Any CPU
		{F3CC4527-43AF-41CB-94C1-BFF310D5726A}.Debug|Any CPU.Build.0 = Debug|Any CPU
		{F3CC4527-43AF-41CB-94C1-BFF310D5726A}.Release|Any CPU.ActiveCfg = Release|Any CPU
		{F3CC4527-43AF-41CB-94C1-BFF310D5726A}.Release|Any CPU.Build.0 = Release|Any CPU
	EndGlobalSection
EndGlobal
