
Microsoft Visual Studio Solution File, Format Version 12.00
# Visual Studio 2012
Project("{FAE04EC0-301F-11D3-BF4B-00C04F79EFBC}") = "SourceWriter", "SourceWriter\SourceWriter.csproj", "{71DCDD86-3A5B-4C9F-AF2D-2121396F0D8E}"
EndProject
Global
	GlobalSection(SolutionConfigurationPlatforms) = preSolution
		Debug|Any CPU = Debug|Any CPU
		Release|Any CPU = Release|Any CPU
	EndGlobalSection
	GlobalSection(ProjectConfigurationPlatforms) = postSolution
		{71DCDD86-3A5B-4C9F-AF2D-2121396F0D8E}.Debug|Any CPU.ActiveCfg = Debug|Any CPU
		{71DCDD86-3A5B-4C9F-AF2D-2121396F0D8E}.Debug|Any CPU.Build.0 = Debug|Any CPU
		{71DCDD86-3A5B-4C9F-AF2D-2121396F0D8E}.Release|Any CPU.ActiveCfg = Release|Any CPU
		{71DCDD86-3A5B-4C9F-AF2D-2121396F0D8E}.Release|Any CPU.Build.0 = Release|Any CPU
	EndGlobalSection
EndGlobal
